// !$*UTF8*$!
{
	archiveVersion = 1;
	classes = {
	};
	objectVersion = 56;
	objects = {

/* Begin PBXBuildFile section */
		0630D3BF6FD979E6E9A2317D /* BodyDataInputView.swift in Sources */ = {isa = PBXBuildFile; fileRef = C80199D764571D6D927EE26B /* BodyDataInputView.swift */; };
		09876DCE3BB5E24A24DA102E /* DietView.swift in Sources */ = {isa = PBXBuildFile; fileRef = E8846429DAF35D13D8C7CC0B /* DietView.swift */; };
		15C23064D54FF8B7FE832563 /* CommonAlert.swift in Sources */ = {isa = PBXBuildFile; fileRef = CEE2E3438D746A8AACD28F93 /* CommonAlert.swift */; };
		1ADD5F366DB60A46E9A58470 /* TrainingRecordRepository.swift in Sources */ = {isa = PBXBuildFile; fileRef = 99568254E0DEBE54E467E190 /* TrainingRecordRepository.swift */; };
		1C69BC63C791694B93B098AC /* PhysiologyCalcTool.swift in Sources */ = {isa = PBXBuildFile; fileRef = FEFD9EBC8106A77DAC15F8C9 /* PhysiologyCalcTool.swift */; };
		21A3C4EA5786E808AC556AD0 /* MotivationGuideView.swift in Sources */ = {isa = PBXBuildFile; fileRef = 582208E8AEAA8538822119B1 /* MotivationGuideView.swift */; };
		29BE24D0ADAC1C0E939C5F1B /* LaunchFlowView.swift in Sources */ = {isa = PBXBuildFile; fileRef = A5B41746AFB52E261D27D3AB /* LaunchFlowView.swift */; };
		ACCD5C0E0A11B22C33D44E55 /* AccountScopedStore.swift in Sources */ = {isa = PBXBuildFile; fileRef = ACDC5C0E0A11B22C33D44E55 /* AccountScopedStore.swift */; };
		29D227E6685C4AAD9B83E1CD /* DrugRiskService+API.swift in Sources */ = {isa = PBXBuildFile; fileRef = 728811BFC61E4109A8B8B7C5 /* DrugRiskService+API.swift */; };
		2BAF830CF93C7D466006F7AA /* MedicineView.swift in Sources */ = {isa = PBXBuildFile; fileRef = D606A88610FCB5C87280B5FD /* MedicineView.swift */; };
		2BC03EE312580FA8FCF88CD1 /* BodyDataModel.swift in Sources */ = {isa = PBXBuildFile; fileRef = 53F95A4A722846F92CBC6F70 /* BodyDataModel.swift */; };
		35CBE01AF740F01DA28CC176 /* Page1_AgreementView.swift in Sources */ = {isa = PBXBuildFile; fileRef = 8818AB2086DABAD4D0EE02E1 /* Page1_AgreementView.swift */; };
		4067EFD045A1C7F73BA1DECF /* LoginAuthView.swift in Sources */ = {isa = PBXBuildFile; fileRef = E1B32FB6FC73205BFE6A7920 /* LoginAuthView.swift */; };
		438D9D2E7FDCAC483B8E11C1 /* DrugDataManager.swift in Sources */ = {isa = PBXBuildFile; fileRef = 20731097F36A3E861B238797 /* DrugDataManager.swift */; };
		5342F3323EF547908ED46484 /* AuthService.swift in Sources */ = {isa = PBXBuildFile; fileRef = C3C2C0B055374A8FA40F7460 /* AuthService.swift */; };
		598FEC3D05EB3ABF40E01F6E /* FitQuantApp.swift in Sources */ = {isa = PBXBuildFile; fileRef = 09AF8057C8A62A88A5E71827 /* FitQuantApp.swift */; };
		5B2CD7849149E9DF2D6B017C /* DrugRiskService.swift in Sources */ = {isa = PBXBuildFile; fileRef = B8D7384C2FCD9FB3BDB134EB /* DrugRiskService.swift */; };
		69E847FC5B37CACC4DE06FF8 /* Page1b_AppleAgreementView.swift in Sources */ = {isa = PBXBuildFile; fileRef = 2E4618DE9FD4F8114D920ED1 /* Page1b_AppleAgreementView.swift */; };
		6AB0F17BA50B10313310E714 /* RootView.swift in Sources */ = {isa = PBXBuildFile; fileRef = 794B9B453040F188A296830A /* RootView.swift */; };
		7A85A84A996D2A62CEA4801F /* AppleGlassStyle.swift in Sources */ = {isa = PBXBuildFile; fileRef = 4CE3FDAC40C3B92FC9D06E37 /* AppleGlassStyle.swift */; };
		7EC49404D52DBABD719A29F1 /* Page5_OnceAlertView.swift in Sources */ = {isa = PBXBuildFile; fileRef = 528A669D91E3C6969993E98D /* Page5_OnceAlertView.swift */; };
		7FA0A4487F28480AD11859D7 /* Page4_IdentitySelectView.swift in Sources */ = {isa = PBXBuildFile; fileRef = C3963AA601448E6C505AA178 /* Page4_IdentitySelectView.swift */; };
		82E1F32907E0FB184562E271 /* TrainView.swift in Sources */ = {isa = PBXBuildFile; fileRef = 6A4C8FBEAAFA8DF0D05EF1FE /* TrainView.swift */; };
		8C0E15C8565B2B02A712DB06 /* SupplementView.swift in Sources */ = {isa = PBXBuildFile; fileRef = 3ACAD3C058BAEC6B6FAD3C30 /* SupplementView.swift */; };
		90A4E9DE6A3D44F0AEFA5D9E /* DrugClassificationService+API.swift in Sources */ = {isa = PBXBuildFile; fileRef = ABB530B09A904AEAA6D95D74 /* DrugClassificationService+API.swift */; };
		93FD772629877B84C7073029 /* GlobalViewManager.swift in Sources */ = {isa = PBXBuildFile; fileRef = ADA83A403537AAD9E942CFDB /* GlobalViewManager.swift */; };
		96C6273AD1F4E033398FB0BC /* DrugClassificationService.swift in Sources */ = {isa = PBXBuildFile; fileRef = 97B8DF02E6705321A7076CFF /* DrugClassificationService.swift */; };
		9DE22B1722ABF8351E453A35 /* CalendarTrainingView.swift in Sources */ = {isa = PBXBuildFile; fileRef = E88C1D099E70C376596AF190 /* CalendarTrainingView.swift */; };
		A2F042764C74B10DB3F2F6B0 /* MineView.swift in Sources */ = {isa = PBXBuildFile; fileRef = 531E0CDE2DCBC071EFA19F1C /* MineView.swift */; };
		AAC4F9AE858BD5EDD599A4B1 /* GlobalCreatineManager.swift in Sources */ = {isa = PBXBuildFile; fileRef = 3ADDB564FF3815BC33E07FAB /* GlobalCreatineManager.swift */; };
		B6FC850212EC484EBE5EB5D2 /* SupplementPlanService.swift in Sources */ = {isa = PBXBuildFile; fileRef = F9EF8F88C0A64E648C58FAE4 /* SupplementPlanService.swift */; };
		BB22CC33DD44EE55FF66AA11 /* LoginUserStorage.swift in Sources */ = {isa = PBXBuildFile; fileRef = AA11BB22CC33DD44EE55FF66 /* LoginUserStorage.swift */; };
		FE1A2B3C4D5E60718293A4B5C /* DrugCatalog.swift in Sources */ = {isa = PBXBuildFile; fileRef = F2E1D0C9B8A7F6E5D4C3B2A1 /* DrugCatalog.swift */; };
		B5E2F8A1C3D5071928463B7F /* WeightHistoryStore.swift in Sources */ = {isa = PBXBuildFile; fileRef = D1C3E5A7B9F2041638506A2C /* WeightHistoryStore.swift */; };
		C2D4E6F8A0B1C3D5E7F90123 /* SleepRecoveryView.swift in Sources */ = {isa = PBXBuildFile; fileRef = A7B3C9D1E5F2071836495A72 /* SleepRecoveryView.swift */; };
		C3D5E7F901234567890ABCDEF /* SleepService.swift in Sources */ = {isa = PBXBuildFile; fileRef = B3C5D7E9F102938475665748 /* SleepService.swift */; };
		C48D2BEB20BDA35844203312 /* NutritionTargetsRepository.swift in Sources */ = {isa = PBXBuildFile; fileRef = 475979A24020C093369F85EF /* NutritionTargetsRepository.swift */; };
		CB547720CF9712DF43DFEF7F /* Page2_RegisterPreviewView.swift in Sources */ = {isa = PBXBuildFile; fileRef = D5CA37FDD099CBCCFC4D92D3 /* Page2_RegisterPreviewView.swift */; };
		D25DA398B4C9070A1D2295DA /* Records.swift in Sources */ = {isa = PBXBuildFile; fileRef = 37FDBBBFBBC85A00C9618B8E /* Records.swift */; };
		D375A16C679A723AFADD3C95 /* ComplianceText.swift in Sources */ = {isa = PBXBuildFile; fileRef = 7EA502904196DC80C653DB11 /* ComplianceText.swift */; };
		D38D84632CA74A2A83B6966C /* FoodRecognitionService+API.swift in Sources */ = {isa = PBXBuildFile; fileRef = 1BDF2BAB32F9440A9EF51B5B /* FoodRecognitionService+API.swift */; };
		D67145A2370BF7BD690E879D /* WorkoutClassificationService.swift in Sources */ = {isa = PBXBuildFile; fileRef = B679B18F4680F06B42391D79 /* WorkoutClassificationService.swift */; };
		D69E94AEBC7E20BCA04BF151 /* MainTabContentView.swift in Sources */ = {isa = PBXBuildFile; fileRef = 304A81CEBD04BCF666F223EF /* MainTabContentView.swift */; };
		DF1B45EC53810BF87F9B6051 /* ConfettiAnimationView.swift in Sources */ = {isa = PBXBuildFile; fileRef = A210B81C2922B41E22E8CEFD /* ConfettiAnimationView.swift */; };
		E1690D8489BEEF8E18F36E29 /* BodyDataRepository.swift in Sources */ = {isa = PBXBuildFile; fileRef = F90D59EC46B5D0A7C349C61E /* BodyDataRepository.swift */; };
		E4EF94B1ECCC1BD0D87B6D41 /* APIClient.swift in Sources */ = {isa = PBXBuildFile; fileRef = A1946B47BC1C1571F634EEEB /* APIClient.swift */; };
		EB98C5FCFB8E4C469A44C0D4 /* WorkoutClassificationService+API.swift in Sources */ = {isa = PBXBuildFile; fileRef = 7D7EE088ACFB4BC6B8471D8E /* WorkoutClassificationService+API.swift */; };
		F1D2E4CCF8974E369D10C457 /* APIModels.swift in Sources */ = {isa = PBXBuildFile; fileRef = 5577B84F0E954FECB9950B34 /* APIModels.swift */; };
		F1E2D3C4B5A60987F6E5D4C3 /* SupplementPlanMock.swift in Sources */ = {isa = PBXBuildFile; fileRef = D9E8F7C6B5A40987F6E5D4C3 /* SupplementPlanMock.swift */; };
		F24DBAD3B68AE4793D68607B /* FoodRecognitionService.swift in Sources */ = {isa = PBXBuildFile; fileRef = A51F1F20EA3529EAB2760BA6 /* FoodRecognitionService.swift */; };
		AB12CD34EF56001122334455 /* Assets.xcassets in Resources */ = {isa = PBXBuildFile; fileRef = CD34EF56AB12002233445566 /* Assets.xcassets */; };
/* End PBXBuildFile section */

/* Begin PBXFileReference section */
		09AF8057C8A62A88A5E71827 /* FitQuantApp.swift */ = {isa = PBXFileReference; lastKnownFileType = sourcecode.swift; path = FitQuantApp.swift; sourceTree = "<group>"; };
		1BDF2BAB32F9440A9EF51B5B /* FoodRecognitionService+API.swift */ = {isa = PBXFileReference; lastKnownFileType = sourcecode.swift; path = "FoodRecognitionService+API.swift"; sourceTree = "<group>"; };
		20731097F36A3E861B238797 /* DrugDataManager.swift */ = {isa = PBXFileReference; lastKnownFileType = sourcecode.swift; path = DrugDataManager.swift; sourceTree = "<group>"; };
		2E4618DE9FD4F8114D920ED1 /* Page1b_AppleAgreementView.swift */ = {isa = PBXFileReference; lastKnownFileType = sourcecode.swift; path = Page1b_AppleAgreementView.swift; sourceTree = "<group>"; };
		304A81CEBD04BCF666F223EF /* MainTabContentView.swift */ = {isa = PBXFileReference; lastKnownFileType = sourcecode.swift; path = MainTabContentView.swift; sourceTree = "<group>"; };
		37FDBBBFBBC85A00C9618B8E /* Records.swift */ = {isa = PBXFileReference; lastKnownFileType = sourcecode.swift; path = Records.swift; sourceTree = "<group>"; };
		3ACAD3C058BAEC6B6FAD3C30 /* SupplementView.swift */ = {isa = PBXFileReference; lastKnownFileType = sourcecode.swift; path = SupplementView.swift; sourceTree = "<group>"; };
		3ADDB564FF3815BC33E07FAB /* GlobalCreatineManager.swift */ = {isa = PBXFileReference; lastKnownFileType = sourcecode.swift; path = GlobalCreatineManager.swift; sourceTree = "<group>"; };
		475979A24020C093369F85EF /* NutritionTargetsRepository.swift */ = {isa = PBXFileReference; lastKnownFileType = sourcecode.swift; path = NutritionTargetsRepository.swift; sourceTree = "<group>"; };
		4CE3FDAC40C3B92FC9D06E37 /* AppleGlassStyle.swift */ = {isa = PBXFileReference; lastKnownFileType = sourcecode.swift; path = AppleGlassStyle.swift; sourceTree = "<group>"; };
		4D17285A819DD0C5124C08FC /* 量化补充.app */ = {isa = PBXFileReference; explicitFileType = wrapper.application; includeInIndex = 0; path = "量化补充.app"; sourceTree = BUILT_PRODUCTS_DIR; };
		528A669D91E3C6969993E98D /* Page5_OnceAlertView.swift */ = {isa = PBXFileReference; lastKnownFileType = sourcecode.swift; path = Page5_OnceAlertView.swift; sourceTree = "<group>"; };
		531E0CDE2DCBC071EFA19F1C /* MineView.swift */ = {isa = PBXFileReference; lastKnownFileType = sourcecode.swift; path = MineView.swift; sourceTree = "<group>"; };
		53F95A4A722846F92CBC6F70 /* BodyDataModel.swift */ = {isa = PBXFileReference; lastKnownFileType = sourcecode.swift; path = BodyDataModel.swift; sourceTree = "<group>"; };
		5577B84F0E954FECB9950B34 /* APIModels.swift */ = {isa = PBXFileReference; lastKnownFileType = sourcecode.swift; path = APIModels.swift; sourceTree = "<group>"; };
		582208E8AEAA8538822119B1 /* MotivationGuideView.swift */ = {isa = PBXFileReference; lastKnownFileType = sourcecode.swift; path = MotivationGuideView.swift; sourceTree = "<group>"; };
		6A4C8FBEAAFA8DF0D05EF1FE /* TrainView.swift */ = {isa = PBXFileReference; lastKnownFileType = sourcecode.swift; path = TrainView.swift; sourceTree = "<group>"; };
		728811BFC61E4109A8B8B7C5 /* DrugRiskService+API.swift */ = {isa = PBXFileReference; lastKnownFileType = sourcecode.swift; path = "DrugRiskService+API.swift"; sourceTree = "<group>"; };
		794B9B453040F188A296830A /* RootView.swift */ = {isa = PBXFileReference; lastKnownFileType = sourcecode.swift; path = RootView.swift; sourceTree = "<group>"; };
		7D7EE088ACFB4BC6B8471D8E /* WorkoutClassificationService+API.swift */ = {isa = PBXFileReference; lastKnownFileType = sourcecode.swift; path = "WorkoutClassificationService+API.swift"; sourceTree = "<group>"; };
		7EA502904196DC80C653DB11 /* ComplianceText.swift */ = {isa = PBXFileReference; lastKnownFileType = sourcecode.swift; path = ComplianceText.swift; sourceTree = "<group>"; };
		8818AB2086DABAD4D0EE02E1 /* Page1_AgreementView.swift */ = {isa = PBXFileReference; lastKnownFileType = sourcecode.swift; path = Page1_AgreementView.swift; sourceTree = "<group>"; };
		97B8DF02E6705321A7076CFF /* DrugClassificationService.swift */ = {isa = PBXFileReference; lastKnownFileType = sourcecode.swift; path = DrugClassificationService.swift; sourceTree = "<group>"; };
		99568254E0DEBE54E467E190 /* TrainingRecordRepository.swift */ = {isa = PBXFileReference; lastKnownFileType = sourcecode.swift; path = TrainingRecordRepository.swift; sourceTree = "<group>"; };
		ACDC5C0E0A11B22C33D44E55 /* AccountScopedStore.swift */ = {isa = PBXFileReference; lastKnownFileType = sourcecode.swift; path = AccountScopedStore.swift; sourceTree = "<group>"; };
		A1946B47BC1C1571F634EEEB /* APIClient.swift */ = {isa = PBXFileReference; lastKnownFileType = sourcecode.swift; path = APIClient.swift; sourceTree = "<group>"; };
		A210B81C2922B41E22E8CEFD /* ConfettiAnimationView.swift */ = {isa = PBXFileReference; lastKnownFileType = sourcecode.swift; path = ConfettiAnimationView.swift; sourceTree = "<group>"; };
		A51F1F20EA3529EAB2760BA6 /* FoodRecognitionService.swift */ = {isa = PBXFileReference; lastKnownFileType = sourcecode.swift; path = FoodRecognitionService.swift; sourceTree = "<group>"; };
		A5B41746AFB52E261D27D3AB /* LaunchFlowView.swift */ = {isa = PBXFileReference; lastKnownFileType = sourcecode.swift; path = LaunchFlowView.swift; sourceTree = "<group>"; };
		A7B3C9D1E5F2071836495A72 /* SleepRecoveryView.swift */ = {isa = PBXFileReference; lastKnownFileType = sourcecode.swift; path = SleepRecoveryView.swift; sourceTree = "<group>"; };
		B3C5D7E9F102938475665748 /* SleepService.swift */ = {isa = PBXFileReference; lastKnownFileType = sourcecode.swift; path = SleepService.swift; sourceTree = "<group>"; };
		F2E1D0C9B8A7F6E5D4C3B2A1 /* DrugCatalog.swift */ = {isa = PBXFileReference; lastKnownFileType = sourcecode.swift; path = DrugCatalog.swift; sourceTree = "<group>"; };
		D1C3E5A7B9F2041638506A2C /* WeightHistoryStore.swift */ = {isa = PBXFileReference; lastKnownFileType = sourcecode.swift; path = WeightHistoryStore.swift; sourceTree = "<group>"; };
		AA11BB22CC33DD44EE55FF66 /* LoginUserStorage.swift */ = {isa = PBXFileReference; lastKnownFileType = sourcecode.swift; path = LoginUserStorage.swift; sourceTree = "<group>"; };
		ABB530B09A904AEAA6D95D74 /* DrugClassificationService+API.swift */ = {isa = PBXFileReference; lastKnownFileType = sourcecode.swift; path = "DrugClassificationService+API.swift"; sourceTree = "<group>"; };
		ADA83A403537AAD9E942CFDB /* GlobalViewManager.swift */ = {isa = PBXFileReference; lastKnownFileType = sourcecode.swift; path = GlobalViewManager.swift; sourceTree = "<group>"; };
		B679B18F4680F06B42391D79 /* WorkoutClassificationService.swift */ = {isa = PBXFileReference; lastKnownFileType = sourcecode.swift; path = WorkoutClassificationService.swift; sourceTree = "<group>"; };
		B8D7384C2FCD9FB3BDB134EB /* DrugRiskService.swift */ = {isa = PBXFileReference; lastKnownFileType = sourcecode.swift; path = DrugRiskService.swift; sourceTree = "<group>"; };
		C3963AA601448E6C505AA178 /* Page4_IdentitySelectView.swift */ = {isa = PBXFileReference; lastKnownFileType = sourcecode.swift; path = Page4_IdentitySelectView.swift; sourceTree = "<group>"; };
		C3C2C0B055374A8FA40F7460 /* AuthService.swift */ = {isa = PBXFileReference; lastKnownFileType = sourcecode.swift; path = AuthService.swift; sourceTree = "<group>"; };
		C80199D764571D6D927EE26B /* BodyDataInputView.swift */ = {isa = PBXFileReference; lastKnownFileType = sourcecode.swift; path = BodyDataInputView.swift; sourceTree = "<group>"; };
		CEE2E3438D746A8AACD28F93 /* CommonAlert.swift */ = {isa = PBXFileReference; lastKnownFileType = sourcecode.swift; path = CommonAlert.swift; sourceTree = "<group>"; };
		D5CA37FDD099CBCCFC4D92D3 /* Page2_RegisterPreviewView.swift */ = {isa = PBXFileReference; lastKnownFileType = sourcecode.swift; path = Page2_RegisterPreviewView.swift; sourceTree = "<group>"; };
		D606A88610FCB5C87280B5FD /* MedicineView.swift */ = {isa = PBXFileReference; lastKnownFileType = sourcecode.swift; path = MedicineView.swift; sourceTree = "<group>"; };
		D9E8F7C6B5A40987F6E5D4C3 /* SupplementPlanMock.swift */ = {isa = PBXFileReference; lastKnownFileType = sourcecode.swift; path = SupplementPlanMock.swift; sourceTree = "<group>"; };
		E1B32FB6FC73205BFE6A7920 /* LoginAuthView.swift */ = {isa = PBXFileReference; lastKnownFileType = sourcecode.swift; path = LoginAuthView.swift; sourceTree = "<group>"; };
		E8846429DAF35D13D8C7CC0B /* DietView.swift */ = {isa = PBXFileReference; lastKnownFileType = sourcecode.swift; path = DietView.swift; sourceTree = "<group>"; };
		E88C1D099E70C376596AF190 /* CalendarTrainingView.swift */ = {isa = PBXFileReference; lastKnownFileType = sourcecode.swift; path = CalendarTrainingView.swift; sourceTree = "<group>"; };
		F90D59EC46B5D0A7C349C61E /* BodyDataRepository.swift */ = {isa = PBXFileReference; lastKnownFileType = sourcecode.swift; path = BodyDataRepository.swift; sourceTree = "<group>"; };
		F9EF8F88C0A64E648C58FAE4 /* SupplementPlanService.swift */ = {isa = PBXFileReference; lastKnownFileType = sourcecode.swift; path = SupplementPlanService.swift; sourceTree = "<group>"; };
		FEFD9EBC8106A77DAC15F8C9 /* PhysiologyCalcTool.swift */ = {isa = PBXFileReference; lastKnownFileType = sourcecode.swift; path = PhysiologyCalcTool.swift; sourceTree = "<group>"; };
		CD34EF56AB12002233445566 /* Assets.xcassets */ = {isa = PBXFileReference; lastKnownFileType = folder.assetcatalog; path = Assets.xcassets; sourceTree = "<group>"; };
/* End PBXFileReference section */

/* Begin PBXFrameworksBuildPhase section */
		72CCA097A46042CA4A0F2B87 /* Frameworks */ = {
			isa = PBXFrameworksBuildPhase;
			buildActionMask = 2147483647;
			files = (
			);
			runOnlyForDeploymentPostprocessing = 0;
		};
/* End PBXFrameworksBuildPhase section */

/* Begin PBXGroup section */
		1D8CA63C30FEF8874D21144F /* LocalDataManager */ = {
			isa = PBXGroup;
			children = (
				53F95A4A722846F92CBC6F70 /* BodyDataModel.swift */,
				37FDBBBFBBC85A00C9618B8E /* Records.swift */,
				20731097F36A3E861B238797 /* DrugDataManager.swift */,
				D1C3E5A7B9F2041638506A2C /* WeightHistoryStore.swift */,
			);
			path = LocalDataManager;
			sourceTree = "<group>";
		};
		214B9CFA5A41710D93BDF5EF /* LaunchFlow */ = {
			isa = PBXGroup;
			children = (
				A5B41746AFB52E261D27D3AB /* LaunchFlowView.swift */,
				8818AB2086DABAD4D0EE02E1 /* Page1_AgreementView.swift */,
				2E4618DE9FD4F8114D920ED1 /* Page1b_AppleAgreementView.swift */,
				D5CA37FDD099CBCCFC4D92D3 /* Page2_RegisterPreviewView.swift */,
				C3963AA601448E6C505AA178 /* Page4_IdentitySelectView.swift */,
				528A669D91E3C6969993E98D /* Page5_OnceAlertView.swift */,
			);
			path = LaunchFlow;
			sourceTree = "<group>";
		};
		43E5D5E654D8AF92C679E37F /* Views */ = {
			isa = PBXGroup;
			children = (
				794B9B453040F188A296830A /* RootView.swift */,
				E1B32FB6FC73205BFE6A7920 /* LoginAuthView.swift */,
				582208E8AEAA8538822119B1 /* MotivationGuideView.swift */,
				A210B81C2922B41E22E8CEFD /* ConfettiAnimationView.swift */,
				C80199D764571D6D927EE26B /* BodyDataInputView.swift */,
			);
			path = Views;
			sourceTree = "<group>";
		};
		7C7E2E7A0A3B40D2946FA1BA /* Services */ = {
			isa = PBXGroup;
			children = (
				A1946B47BC1C1571F634EEEB /* APIClient.swift */,
				FEFD9EBC8106A77DAC15F8C9 /* PhysiologyCalcTool.swift */,
				B679B18F4680F06B42391D79 /* WorkoutClassificationService.swift */,
				B8D7384C2FCD9FB3BDB134EB /* DrugRiskService.swift */,
				97B8DF02E6705321A7076CFF /* DrugClassificationService.swift */,
				A51F1F20EA3529EAB2760BA6 /* FoodRecognitionService.swift */,
				5577B84F0E954FECB9950B34 /* APIModels.swift */,
				C3C2C0B055374A8FA40F7460 /* AuthService.swift */,
				F9EF8F88C0A64E648C58FAE4 /* SupplementPlanService.swift */,
				7D7EE088ACFB4BC6B8471D8E /* WorkoutClassificationService+API.swift */,
				ABB530B09A904AEAA6D95D74 /* DrugClassificationService+API.swift */,
				728811BFC61E4109A8B8B7C5 /* DrugRiskService+API.swift */,
				1BDF2BAB32F9440A9EF51B5B /* FoodRecognitionService+API.swift */,
				AA11BB22CC33DD44EE55FF66 /* LoginUserStorage.swift */,
				B3C5D7E9F102938475665748 /* SleepService.swift */,
				F2E1D0C9B8A7F6E5D4C3B2A1 /* DrugCatalog.swift */,
				ED9C6D801B93BBEA4EF466B4 /* Repository */,
			);
			path = Services;
			sourceTree = "<group>";
		};
		A1A2A3A4B1B2C3C4D1D2E1E2F1F2 /* Models */ = {
			isa = PBXGroup;
			children = (
				D9E8F7C6B5A40987F6E5D4C3 /* SupplementPlanMock.swift */,
			);
			path = Models;
			sourceTree = "<group>";
		};
		A4D886D00AE66A9BAF166583 /* CommonComponent */ = {
			isa = PBXGroup;
			children = (
				4CE3FDAC40C3B92FC9D06E37 /* AppleGlassStyle.swift */,
				7EA502904196DC80C653DB11 /* ComplianceText.swift */,
				CEE2E3438D746A8AACD28F93 /* CommonAlert.swift */,
				ADA83A403537AAD9E942CFDB /* GlobalViewManager.swift */,
				3ADDB564FF3815BC33E07FAB /* GlobalCreatineManager.swift */,
			);
			path = CommonComponent;
			sourceTree = "<group>";
		};
		A935ABCFD214A8877F460D11 /*  */ = {
			isa = PBXGroup;
			children = (
				09AF8057C8A62A88A5E71827 /* FitQuantApp.swift */,
			);
			name = "";
			sourceTree = "<group>";
		};
		C64F0608C9603EAF90B8367D /* MainTab */ = {
			isa = PBXGroup;
			children = (
				304A81CEBD04BCF666F223EF /* MainTabContentView.swift */,
				3ACAD3C058BAEC6B6FAD3C30 /* SupplementView.swift */,
				D606A88610FCB5C87280B5FD /* MedicineView.swift */,
				6A4C8FBEAAFA8DF0D05EF1FE /* TrainView.swift */,
				E8846429DAF35D13D8C7CC0B /* DietView.swift */,
				531E0CDE2DCBC071EFA19F1C /* MineView.swift */,
				E88C1D099E70C376596AF190 /* CalendarTrainingView.swift */,
				A7B3C9D1E5F2071836495A72 /* SleepRecoveryView.swift */,
			);
			path = MainTab;
			sourceTree = "<group>";
		};
		CB72F1A428239DDD49DA07BE = {
			isa = PBXGroup;
			children = (
				A935ABCFD214A8877F460D11 /*  */,
				A4D886D00AE66A9BAF166583 /* CommonComponent */,
				1D8CA63C30FEF8874D21144F /* LocalDataManager */,
				214B9CFA5A41710D93BDF5EF /* LaunchFlow */,
				C64F0608C9603EAF90B8367D /* MainTab */,
				A1A2A3A4B1B2C3C4D1D2E1E2F1F2 /* Models */,
				43E5D5E654D8AF92C679E37F /* Views */,
				7C7E2E7A0A3B40D2946FA1BA /* Services */,
				4D17285A819DD0C5124C08FC /* 量化补充.app */,
			);
			sourceTree = "<group>";
		};
		ED9C6D801B93BBEA4EF466B4 /* Repository */ = {
			isa = PBXGroup;
			children = (
				F90D59EC46B5D0A7C349C61E /* BodyDataRepository.swift */,
				475979A24020C093369F85EF /* NutritionTargetsRepository.swift */,
				99568254E0DEBE54E467E190 /* TrainingRecordRepository.swift */,
				ACDC5C0E0A11B22C33D44E55 /* AccountScopedStore.swift */,
			);
			path = Repository;
			sourceTree = "<group>";
		};
/* End PBXGroup section */

/* Begin PBXNativeTarget section */
		45B932304B3506F7AA0EECA8 /* 量化补充 */ = {
			isa = PBXNativeTarget;
			buildConfigurationList = 42EA849A556BF95EC7B41072 /* Build configuration list for PBXNativeTarget "量化补充" */;
			buildPhases = (
				EC6C24CA9BE7787B6E2979D3 /* Sources */,
				72CCA097A46042CA4A0F2B87 /* Frameworks */,
				F7AFE6A03159A978C4B3CFC3 /* Resources */,
			);
			buildRules = (
			);
			dependencies = (
			);
			name = "量化补充";
			productName = "量化补充";
			productReference = 4D17285A819DD0C5124C08FC /* 量化补充.app */;
			productType = "com.apple.product-type.application";
		};
/* End PBXNativeTarget section */

/* Begin PBXProject section */
		79F996C8ED701B7A46E750D3 /* Project object */ = {
			isa = PBXProject;
			attributes = {
				BuildIndependentTargetsInParallel = 1;
				LastSwiftUpdateCheck = 1600;
				LastUpgradeCheck = 1600;
				TargetAttributes = {
					45B932304B3506F7AA0EECA8 = {
						CreatedOnToolsVersion = 16.0;
					};
				};
			};
			buildConfigurationList = BDEBD25E37B9C0A860DD8CD1 /* Build configuration list for PBXProject "量化补充" */;
			compatibilityVersion = "Xcode 14.0";
			developmentRegion = "zh-Hans";
			hasScannedForEncodings = 0;
			knownRegions = (
				en,
				"zh-Hans",
			);
			mainGroup = CB72F1A428239DDD49DA07BE;
			productRefGroup = 4D17285A819DD0C5124C08FC /* 量化补充.app */;
			projectDirPath = "";
			projectRoot = "";
			targets = (
				45B932304B3506F7AA0EECA8 /* 量化补充 */,
			);
		};
/* End PBXProject section */

/* Begin PBXResourcesBuildPhase section */
		F7AFE6A03159A978C4B3CFC3 /* Resources */ = {
			isa = PBXResourcesBuildPhase;
			buildActionMask = 2147483647;
			files = (
				AB12CD34EF56001122334455 /* Assets.xcassets in Resources */,
			);
			runOnlyForDeploymentPostprocessing = 0;
		};
/* End PBXResourcesBuildPhase section */

/* Begin PBXSourcesBuildPhase section */
		EC6C24CA9BE7787B6E2979D3 /* Sources */ = {
			isa = PBXSourcesBuildPhase;
			buildActionMask = 2147483647;
			files = (
				598FEC3D05EB3ABF40E01F6E /* FitQuantApp.swift in Sources */,
				6AB0F17BA50B10313310E714 /* RootView.swift in Sources */,
				4067EFD045A1C7F73BA1DECF /* LoginAuthView.swift in Sources */,
				21A3C4EA5786E808AC556AD0 /* MotivationGuideView.swift in Sources */,
				DF1B45EC53810BF87F9B6051 /* ConfettiAnimationView.swift in Sources */,
				0630D3BF6FD979E6E9A2317D /* BodyDataInputView.swift in Sources */,
				7A85A84A996D2A62CEA4801F /* AppleGlassStyle.swift in Sources */,
				D375A16C679A723AFADD3C95 /* ComplianceText.swift in Sources */,
				15C23064D54FF8B7FE832563 /* CommonAlert.swift in Sources */,
				93FD772629877B84C7073029 /* GlobalViewManager.swift in Sources */,
				AAC4F9AE858BD5EDD599A4B1 /* GlobalCreatineManager.swift in Sources */,
				2BC03EE312580FA8FCF88CD1 /* BodyDataModel.swift in Sources */,
				D25DA398B4C9070A1D2295DA /* Records.swift in Sources */,
				438D9D2E7FDCAC483B8E11C1 /* DrugDataManager.swift in Sources */,
				29BE24D0ADAC1C0E939C5F1B /* LaunchFlowView.swift in Sources */,
				35CBE01AF740F01DA28CC176 /* Page1_AgreementView.swift in Sources */,
				69E847FC5B37CACC4DE06FF8 /* Page1b_AppleAgreementView.swift in Sources */,
				CB547720CF9712DF43DFEF7F /* Page2_RegisterPreviewView.swift in Sources */,
				7FA0A4487F28480AD11859D7 /* Page4_IdentitySelectView.swift in Sources */,
				7EC49404D52DBABD719A29F1 /* Page5_OnceAlertView.swift in Sources */,
				D69E94AEBC7E20BCA04BF151 /* MainTabContentView.swift in Sources */,
				ACCD5C0E0A11B22C33D44E55 /* AccountScopedStore.swift in Sources */,
				8C0E15C8565B2B02A712DB06 /* SupplementView.swift in Sources */,
				2BAF830CF93C7D466006F7AA /* MedicineView.swift in Sources */,
				82E1F32907E0FB184562E271 /* TrainView.swift in Sources */,
				09876DCE3BB5E24A24DA102E /* DietView.swift in Sources */,
				A2F042764C74B10DB3F2F6B0 /* MineView.swift in Sources */,
				9DE22B1722ABF8351E453A35 /* CalendarTrainingView.swift in Sources */,
				E4EF94B1ECCC1BD0D87B6D41 /* APIClient.swift in Sources */,
				1C69BC63C791694B93B098AC /* PhysiologyCalcTool.swift in Sources */,
				E1690D8489BEEF8E18F36E29 /* BodyDataRepository.swift in Sources */,
				C48D2BEB20BDA35844203312 /* NutritionTargetsRepository.swift in Sources */,
				1ADD5F366DB60A46E9A58470 /* TrainingRecordRepository.swift in Sources */,
				D67145A2370BF7BD690E879D /* WorkoutClassificationService.swift in Sources */,
				96C6273AD1F4E033398FB0BC /* DrugClassificationService.swift in Sources */,
				5B2CD7849149E9DF2D6B017C /* DrugRiskService.swift in Sources */,
				F24DBAD3B68AE4793D68607B /* FoodRecognitionService.swift in Sources */,
				F1D2E4CCF8974E369D10C457 /* APIModels.swift in Sources */,
				5342F3323EF547908ED46484 /* AuthService.swift in Sources */,
				B6FC850212EC484EBE5EB5D2 /* SupplementPlanService.swift in Sources */,
				EB98C5FCFB8E4C469A44C0D4 /* WorkoutClassificationService+API.swift in Sources */,
				90A4E9DE6A3D44F0AEFA5D9E /* DrugClassificationService+API.swift in Sources */,
				29D227E6685C4AAD9B83E1CD /* DrugRiskService+API.swift in Sources */,
				D38D84632CA74A2A83B6966C /* FoodRecognitionService+API.swift in Sources */,
				F1E2D3C4B5A60987F6E5D4C3 /* SupplementPlanMock.swift in Sources */,
				BB22CC33DD44EE55FF66AA11 /* LoginUserStorage.swift in Sources */,
				C2D4E6F8A0B1C3D5E7F90123 /* SleepRecoveryView.swift in Sources */,
				C3D5E7F901234567890ABCDEF /* SleepService.swift in Sources */,
				FE1A2B3C4D5E60718293A4B5C /* DrugCatalog.swift in Sources */,
				B5E2F8A1C3D5071928463B7F /* WeightHistoryStore.swift in Sources */,
			);
			runOnlyForDeploymentPostprocessing = 0;
		};
/* End PBXSourcesBuildPhase section */

/* Begin XCBuildConfiguration section */
		1B084209F4306850E9919348 /* Release */ = {
			isa = XCBuildConfiguration;
			buildSettings = {
				ASSETCATALOG_COMPILER_APPICON_NAME = AppIcon;
				CODE_SIGN_STYLE = Automatic;
				CURRENT_PROJECT_VERSION = 1;
				ENABLE_PREVIEWS = YES;
				GENERATE_INFOPLIST_FILE = YES;
				INFOPLIST_KEY_NSAppTransportSecurity = "{NSAllowsArbitraryLoads = true;}";
				INFOPLIST_KEY_UIApplicationSceneManifest_Generation = YES;
				INFOPLIST_KEY_UIApplicationSupportsIndirectInputEvents = YES;
				INFOPLIST_KEY_UILaunchScreen_Generation = YES;
				INFOPLIST_KEY_UISupportedInterfaceOrientations_iPad = "UIInterfaceOrientationPortrait UIInterfaceOrientationPortraitUpsideDown UIInterfaceOrientationLandscapeLeft UIInterfaceOrientationLandscapeRight";
				INFOPLIST_KEY_UISupportedInterfaceOrientations_iPhone = "UIInterfaceOrientationPortrait UIInterfaceOrientationLandscapeLeft UIInterfaceOrientationLandscapeRight";
				MARKETING_VERSION = 1.0;
				PRODUCT_BUNDLE_IDENTIFIER = com.quantref.fit;
				PRODUCT_NAME = "$(TARGET_NAME)";
				SWIFT_EMIT_LOC_STRINGS = YES;
			};
			name = Release;
		};
		9181C2BFBCBE8647890AD49F /* Release */ = {
			isa = XCBuildConfiguration;
			buildSettings = {
				ALWAYS_SEARCH_USER_PATHS = NO;
				ASSETCATALOG_COMPILER_GENERATE_SWIFT_ASSET_SYMBOL_EXTENSIONS = YES;
				CLANG_ANALYZER_NONNULL = YES;
				CLANG_CXX_LANGUAGE_STANDARD = "gnu++20";
				CLANG_ENABLE_MODULES = YES;
				CLANG_ENABLE_OBJC_ARC = YES;
				COPY_PHASE_STRIP = NO;
				DEBUG_INFORMATION_FORMAT = "dwarf-with-dsym";
				ENABLE_NS_ASSERTIONS = NO;
				ENABLE_STRICT_OBJC_MSGSEND = YES;
				GCC_OPTIMIZATION_LEVEL = s;
				IPHONEOS_DEPLOYMENT_TARGET = 17.0;
				MTL_ENABLE_DEBUG_INFO = NO;
				SDKROOT = iphoneos;
				SWIFT_COMPILATION_MODE = wholemodule;
				SWIFT_OPTIMIZATION_LEVEL = "-O";
				SWIFT_VERSION = 5.0;
				TARGETED_DEVICE_FAMILY = "1,2";
				VALIDATE_PRODUCT = YES;
			};
			name = Release;
		};
		BEADDC7AEDA6CDC48384FEF7 /* Debug */ = {
			isa = XCBuildConfiguration;
			buildSettings = {
				ALWAYS_SEARCH_USER_PATHS = NO;
				ASSETCATALOG_COMPILER_GENERATE_SWIFT_ASSET_SYMBOL_EXTENSIONS = YES;
				CLANG_ANALYZER_NONNULL = YES;
				CLANG_CXX_LANGUAGE_STANDARD = "gnu++20";
				CLANG_ENABLE_MODULES = YES;
				CLANG_ENABLE_OBJC_ARC = YES;
				COPY_PHASE_STRIP = NO;
				DEBUG_INFORMATION_FORMAT = dwarf;
				ENABLE_STRICT_OBJC_MSGSEND = YES;
				ENABLE_TESTABILITY = YES;
				GCC_DYNAMIC_NO_PIC = NO;
				GCC_OPTIMIZATION_LEVEL = 0;
				GCC_PREPROCESSOR_DEFINITIONS = (
					"DEBUG=1",
					"$(inherited)",
				);
				IPHONEOS_DEPLOYMENT_TARGET = 17.0;
				MTL_ENABLE_DEBUG_INFO = INCLUDE_SOURCE;
				ONLY_ACTIVE_ARCH = YES;
				SDKROOT = iphoneos;
				SWIFT_ACTIVE_COMPILATION_CONDITIONS = DEBUG;
				SWIFT_OPTIMIZATION_LEVEL = "-Onone";
				SWIFT_VERSION = 5.0;
				TARGETED_DEVICE_FAMILY = "1,2";
			};
			name = Debug;
		};
		C4DE1947ED042A21155E42C0 /* Debug */ = {
			isa = XCBuildConfiguration;
			buildSettings = {
				ASSETCATALOG_COMPILER_APPICON_NAME = AppIcon;
				CODE_SIGN_STYLE = Automatic;
				CURRENT_PROJECT_VERSION = 1;
				ENABLE_PREVIEWS = YES;
				GENERATE_INFOPLIST_FILE = YES;
				INFOPLIST_KEY_NSAppTransportSecurity = "{NSAllowsArbitraryLoads = true;}";
				INFOPLIST_KEY_UIApplicationSceneManifest_Generation = YES;
				INFOPLIST_KEY_UIApplicationSupportsIndirectInputEvents = YES;
				INFOPLIST_KEY_UILaunchScreen_Generation = YES;
				INFOPLIST_KEY_UISupportedInterfaceOrientations_iPad = "UIInterfaceOrientationPortrait UIInterfaceOrientationPortraitUpsideDown UIInterfaceOrientationLandscapeLeft UIInterfaceOrientationLandscapeRight";
				INFOPLIST_KEY_UISupportedInterfaceOrientations_iPhone = "UIInterfaceOrientationPortrait UIInterfaceOrientationLandscapeLeft UIInterfaceOrientationLandscapeRight";
				MARKETING_VERSION = 1.0;
				PRODUCT_BUNDLE_IDENTIFIER = com.quantref.fit;
				PRODUCT_NAME = "$(TARGET_NAME)";
				SWIFT_EMIT_LOC_STRINGS = YES;
			};
			name = Debug;
		};
/* End XCBuildConfiguration section */

/* Begin XCConfigurationList section */
		42EA849A556BF95EC7B41072 /* Build configuration list for PBXNativeTarget "量化补充" */ = {
			isa = XCConfigurationList;
			buildConfigurations = (
				C4DE1947ED042A21155E42C0 /* Debug */,
				1B084209F4306850E9919348 /* Release */,
			);
			defaultConfigurationIsVisible = 0;
			defaultConfigurationName = Release;
		};
		BDEBD25E37B9C0A860DD8CD1 /* Build configuration list for PBXProject "量化补充" */ = {
			isa = XCConfigurationList;
			buildConfigurations = (
				BEADDC7AEDA6CDC48384FEF7 /* Debug */,
				9181C2BFBCBE8647890AD49F /* Release */,
			);
			defaultConfigurationIsVisible = 0;
			defaultConfigurationName = Release;
		};
/* End XCConfigurationList section */
	};
	rootObject = 79F996C8ED701B7A46E750D3 /* Project object */;
}
